
Microsoft Visual Studio Solution File, Format Version 12.00
# Visual Studio Version 17
VisualStudioVersion = 17.4.33213.308
MinimumVisualStudioVersion = 10.0.40219.1
Project("{9A19103F-16F7-4668-BE54-9A1E7A4F7556}") = "TroutBlog", "TroutBlog\TroutBlog.csproj", "{828C281D-C411-48BA-8803-48FF1B62EDE5}"
EndProject
Project("{FAE04EC0-301F-11D3-BF4B-00C04F79EFBC}") = "LogicLayer", "LogicLayer\LogicLayer.csproj", "{739363A5-135D-435B-8D93-2E2A5E1DAD87}"
EndProject
Global
	GlobalSection(SolutionConfigurationPlatforms) = preSolution
		Debug|Any CPU = Debug|Any CPU
		Release|Any CPU = Release|Any CPU
	EndGlobalSection
	GlobalSection(ProjectConfigurationPlatforms) = postSolution
		{828C281D-C411-48BA-8803-48FF1B62EDE5}.Debug|Any CPU.ActiveCfg = Debug|Any CPU
		{828C281D-C411-48BA-8803-48FF1B62EDE5}.Debug|Any CPU.Build.0 = Debug|Any CPU
		{828C281D-C411-48BA-8803-48FF1B62EDE5}.Release|Any CPU.ActiveCfg = Release|Any CPU
		{828C281D-C411-48BA-8803-48FF1B62EDE5}.Release|Any CPU.Build.0 = Release|Any CPU
		{739363A5-135D-435B-8D93-2E2A5E1DAD87}.Debug|Any CPU.ActiveCfg = Debug|Any CPU
		{739363A5-135D-435B-8D93-2E2A5E1DAD87}.Debug|Any CPU.Build.0 = Debug|Any CPU
		{739363A5-135D-435B-8D93-2E2A5E1DAD87}.Release|Any CPU.ActiveCfg = Release|Any CPU
		{739363A5-135D-435B-8D93-2E2A5E1DAD87}.Release|Any CPU.Build.0 = Release|Any CPU
	EndGlobalSection
	GlobalSection(SolutionProperties) = preSolution
		HideSolutionNode = FALSE
	EndGlobalSection
	GlobalSection(ExtensibilityGlobals) = postSolution
		SolutionGuid = {F8D85D61-7966-41B9-9129-FE9020C6A8AA}
	EndGlobalSection
EndGlobal
